
Microsoft Visual Studio Solution File, Format Version 12.00
# Visual Studio 14
VisualStudioVersion = 14.0.25123.0
MinimumVisualStudioVersion = 10.0.40219.1
Project("{FAE04EC0-301F-11D3-BF4B-00C04F79EFBC}") = "LogExample", "LogExample\LogExample.csproj", "{63FF5F15-C4C6-437C-A7A1-FF6E74A7C4ED}"
EndProject
Project("{FAE04EC0-301F-11D3-BF4B-00C04F79EFBC}") = "MultiThreadedObservables", "MultiThreadedObservables\MultiThreadedObservables.csproj", "{8ABA9C6F-CB07-4646-A768-917B9283ECF1}"
EndProject
Project("{FAE04EC0-301F-11D3-BF4B-00C04F79EFBC}") = "Common", "Common\Common.csproj", "{FA8C4D2C-D9EC-4163-B84E-392A3C43FE66}"
EndProject
Global
	GlobalSection(SolutionConfigurationPlatforms) = preSolution
		Debug|Any CPU = Debug|Any CPU
		Release|Any CPU = Release|Any CPU
	EndGlobalSection
	GlobalSection(ProjectConfigurationPlatforms) = postSolution
		{63FF5F15-C4C6-437C-A7A1-FF6E74A7C4ED}.Debug|Any CPU.ActiveCfg = Debug|Any CPU
		{63FF5F15-C4C6-437C-A7A1-FF6E74A7C4ED}.Debug|Any CPU.Build.0 = Debug|Any CPU
		{63FF5F15-C4C6-437C-A7A1-FF6E74A7C4ED}.Release|Any CPU.ActiveCfg = Release|Any CPU
		{63FF5F15-C4C6-437C-A7A1-FF6E74A7C4ED}.Release|Any CPU.Build.0 = Release|Any CPU
		{8ABA9C6F-CB07-4646-A768-917B9283ECF1}.Debug|Any CPU.ActiveCfg = Debug|Any CPU
		{8ABA9C6F-CB07-4646-A768-917B9283ECF1}.Debug|Any CPU.Build.0 = Debug|Any CPU
		{8ABA9C6F-CB07-4646-A768-917B9283ECF1}.Release|Any CPU.ActiveCfg = Release|Any CPU
		{8ABA9C6F-CB07-4646-A768-917B9283ECF1}.Release|Any CPU.Build.0 = Release|Any CPU
		{FA8C4D2C-D9EC-4163-B84E-392A3C43FE66}.Debug|Any CPU.ActiveCfg = Debug|Any CPU
		{FA8C4D2C-D9EC-4163-B84E-392A3C43FE66}.Debug|Any CPU.Build.0 = Debug|Any CPU
		{FA8C4D2C-D9EC-4163-B84E-392A3C43FE66}.Release|Any CPU.ActiveCfg = Release|Any CPU
		{FA8C4D2C-D9EC-4163-B84E-392A3C43FE66}.Release|Any CPU.Build.0 = Release|Any CPU
	EndGlobalSection
	GlobalSection(SolutionProperties) = preSolution
		HideSolutionNode = FALSE
	EndGlobalSection
EndGlobal
